
Microsoft Visual Studio Solution File, Format Version 12.00
# Visual Studio Version 16
VisualStudioVersion = 16.0.30114.105
MinimumVisualStudioVersion = 10.0.40219.1
Project("{9092AA53-FB77-4645-B42D-1CCCA6BD08BD}") = "Farzam", "Farzam.njsproj", "{7E92EE52-3A94-45BF-B0BD-6EE78D5CAE62}"
EndProject
Global
	GlobalSection(SolutionConfigurationPlatforms) = preSolution
		Debug|Any CPU = Debug|Any CPU
		Release|Any CPU = Release|Any CPU
	EndGlobalSection
	GlobalSection(ProjectConfigurationPlatforms) = postSolution
		{7E92EE52-3A94-45BF-B0BD-6EE78D5CAE62}.Debug|Any CPU.ActiveCfg = Debug|Any CPU
		{7E92EE52-3A94-45BF-B0BD-6EE78D5CAE62}.Debug|Any CPU.Build.0 = Debug|Any CPU
		{7E92EE52-3A94-45BF-B0BD-6EE78D5CAE62}.Release|Any CPU.ActiveCfg = Release|Any CPU
		{7E92EE52-3A94-45BF-B0BD-6EE78D5CAE62}.Release|Any CPU.Build.0 = Release|Any CPU
	EndGlobalSection
	GlobalSection(SolutionProperties) = preSolution
		HideSolutionNode = FALSE
	EndGlobalSection
	GlobalSection(ExtensibilityGlobals) = postSolution
		SolutionGuid = {0971186C-396B-4825-9EF7-C15C97DCE461}
	EndGlobalSection
EndGlobal
